
Microsoft Visual Studio Solution File, Format Version 12.00
# Visual Studio Version 16
VisualStudioVersion = 16.0.30413.136
MinimumVisualStudioVersion = 10.0.40219.1
Project("{FAE04EC0-301F-11D3-BF4B-00C04F79EFBC}") = "Task01", "Task01\Task01.csproj", "{34E4C4F2-71E2-43AB-8C4E-D20974AE910D}"
EndProject
Global
	GlobalSection(SolutionConfigurationPlatforms) = preSolution
		Debug|Any CPU = Debug|Any CPU
		Release|Any CPU = Release|Any CPU
	EndGlobalSection
	GlobalSection(ProjectConfigurationPlatforms) = postSolution
		{34E4C4F2-71E2-43AB-8C4E-D20974AE910D}.Debug|Any CPU.ActiveCfg = Debug|Any CPU
		{34E4C4F2-71E2-43AB-8C4E-D20974AE910D}.Debug|Any CPU.Build.0 = Debug|Any CPU
		{34E4C4F2-71E2-43AB-8C4E-D20974AE910D}.Release|Any CPU.ActiveCfg = Release|Any CPU
		{34E4C4F2-71E2-43AB-8C4E-D20974AE910D}.Release|Any CPU.Build.0 = Release|Any CPU
	EndGlobalSection
	GlobalSection(SolutionProperties) = preSolution
		HideSolutionNode = FALSE
	EndGlobalSection
	GlobalSection(ExtensibilityGlobals) = postSolution
		SolutionGuid = {53DF06E0-080E-4FE3-A039-99BFCDCF37E9}
	EndGlobalSection
EndGlobal
